{
  "name": "hubspot-example-extension",
  "version": "0.1.0",
  "lockfileVersion": 1,
  "requires": true,
  "dependencies": {
    "@hubspot/ui-extensions": {
      "version": "0.7.3",
      "resolved": "https://registry.npmjs.org/@hubspot/ui-extensions/-/ui-extensions-0.7.3.tgz",
      "integrity": "sha512-tGEV9fg42EJRts0TYIck6vLto2THXodwyU/gAliaiJ/T++LgWIi5nkb60kl2ACjbxbe+rkrKcTLHtgh83Noklg==",
      "requires": {
        "@remote-ui/react": "^5.0.0",
        "react": "^18.2.0"
      }
    },
    "@remote-ui/async-subscription": {
      "version": "2.1.14",
      "resolved": "https://registry.npmjs.org/@remote-ui/async-subscription/-/async-subscription-2.1.14.tgz",
      "integrity": "sha512-m4HQ7LmBNN80d5CDG1d0MzESfXQB3tPK3cEFannUoyqZybxZst/AB8TAnwKKZcXUR1eedkZMTqH6BjEgMRzulQ==",
      "requires": {
        "@remote-ui/rpc": "^1.4.3"
      }
    },
    "@remote-ui/core": {
      "version": "2.2.3",
      "resolved": "https://registry.npmjs.org/@remote-ui/core/-/core-2.2.3.tgz",
      "integrity": "sha512-LWwAlDJw9c+b61dViU6v8ivU0AalgGikvqidVoBLt+CLjTAXMwIkzIeYdjyRyp7JgGxnTYxnmVHUdJdxX144jg==",
      "requires": {
        "@remote-ui/rpc": "^1.4.3",
        "@remote-ui/types": "^1.1.3"
      }
    },
    "@remote-ui/react": {
      "version": "5.0.2",
      "resolved": "https://registry.npmjs.org/@remote-ui/react/-/react-5.0.2.tgz",
      "integrity": "sha512-v1C6QekhR6NrpzHA1dGMPun47N0TBb6VRq+yjIN5b6Z7i7wApf5+ifKc5gYouv4ENfoKPhatXAsOoYblG5iRpw==",
      "requires": {
        "@remote-ui/async-subscription": "^2.1.14",
        "@remote-ui/core": "^2.2.2",
        "@remote-ui/rpc": "^1.4.3",
        "@types/react": ">=17.0.0 <19.0.0",
        "@types/react-reconciler": ">=0.26.0 <0.30.0"
      }
    },
    "@remote-ui/rpc": {
      "version": "1.4.4",
      "resolved": "https://registry.npmjs.org/@remote-ui/rpc/-/rpc-1.4.4.tgz",
      "integrity": "sha512-3XVzEZSTxAw6c8ryDmds36M7QWWJW8Q7mxz+xInqkbrpOeSc6m1plGfNRFlbyaTq0puyH07dLjpsnl+HmWIacw=="
    },
    "@remote-ui/types": {
      "version": "1.1.3",
      "resolved": "https://registry.npmjs.org/@remote-ui/types/-/types-1.1.3.tgz",
      "integrity": "sha512-P1kN1F3p0oMgnLN8Of1Ie9am3sLvJ7nhqHH1pvzkrxqjVwhhyPVZNcwOHyUNZPKp62izhDavdrcnqrdXzVJqGA=="
    },
    "@types/prop-types": {
      "version": "15.7.8",
      "resolved": "https://registry.npmjs.org/@types/prop-types/-/prop-types-15.7.8.tgz",
      "integrity": "sha512-kMpQpfZKSCBqltAJwskgePRaYRFukDkm1oItcAbC3gNELR20XIBcN9VRgg4+m8DKsTfkWeA4m4Imp4DDuWy7FQ=="
    },
    "@types/react": {
      "version": "18.2.25",
      "resolved": "https://registry.npmjs.org/@types/react/-/react-18.2.25.tgz",
      "integrity": "sha512-24xqse6+VByVLIr+xWaQ9muX1B4bXJKXBbjszbld/UEDslGLY53+ZucF44HCmLbMPejTzGG9XgR+3m2/Wqu1kw==",
      "requires": {
        "@types/prop-types": "*",
        "@types/scheduler": "*",
        "csstype": "^3.0.2"
      }
    },
    "@types/react-reconciler": {
      "version": "0.28.5",
      "resolved": "https://registry.npmjs.org/@types/react-reconciler/-/react-reconciler-0.28.5.tgz",
      "integrity": "sha512-Qrwgl4NxNYH1oAJSJtlMGu95uaeMqrGiKzxwI90VvofBkJAj4GxcCAsJMZkwdR/qAxlm84YEXa8Fqu2xXk0arw==",
      "requires": {
        "@types/react": "*"
      }
    },
    "@types/scheduler": {
      "version": "0.16.4",
      "resolved": "https://registry.npmjs.org/@types/scheduler/-/scheduler-0.16.4.tgz",
      "integrity": "sha512-2L9ifAGl7wmXwP4v3pN4p2FLhD0O1qsJpvKmNin5VA8+UvNVb447UDaAEV6UdrkA+m/Xs58U1RFps44x6TFsVQ=="
    },
    "csstype": {
      "version": "3.1.2",
      "resolved": "https://registry.npmjs.org/csstype/-/csstype-3.1.2.tgz",
      "integrity": "sha512-I7K1Uu0MBPzaFKg4nI5Q7Vs2t+3gWWW648spaF+Rg7pI9ds18Ugn+lvg4SHczUdKlHI5LWBXyqfS8+DufyBsgQ=="
    },
    "js-tokens": {
      "version": "4.0.0",
      "resolved": "https://registry.npmjs.org/js-tokens/-/js-tokens-4.0.0.tgz",
      "integrity": "sha512-RdJUflcE3cUzKiMqQgsCu06FPu9UdIJO0beYbPhHN4k6apgJtifcoCtT9bcxOpYBtpD2kCM6Sbzg4CausW/PKQ=="
    },
    "loose-envify": {
      "version": "1.4.0",
      "resolved": "https://registry.npmjs.org/loose-envify/-/loose-envify-1.4.0.tgz",
      "integrity": "sha512-lyuxPGr/Wfhrlem2CL/UcnUc1zcqKAImBDzukY7Y5F/yQiNdko6+fRLevlw1HgMySw7f611UIY408EtxRSoK3Q==",
      "requires": {
        "js-tokens": "^3.0.0 || ^4.0.0"
      }
    },
    "react": {
      "version": "18.2.0",
      "resolved": "https://registry.npmjs.org/react/-/react-18.2.0.tgz",
      "integrity": "sha512-/3IjMdb2L9QbBdWiW5e3P2/npwMBaU9mHCSCUzNln0ZCYbcfTsGbTJrU/kGemdH2IWmB2ioZ+zkxtmq6g09fGQ==",
      "requires": {
        "loose-envify": "^1.1.0"
      }
    }
  }
}
